github.com/google/uuid v1.2.0 h1:qJYtXnJRWmpe7m/3XlyhrsLrEURqHRM2kxzoxXqyUDs=
github.com/google/uuid v1.2.0/go.mod h1:TIyPZe4MgqvfeYDBFedMoGGpEw/LqOeaOT+nhxU+yHo=
github.com/gordonklaus/portaudio v0.0.0-20200911161147-bb74aa485641 h1:B7ADnac3Yy6Vtcp2mstnsjUtarYcjy4AL0R6eNEhZAk=
github.com/gordonklaus/portaudio v0.0.0-20200911161147-bb74aa485641/go.mod h1:HfYnZi/ARQKG0dwH5HNDmPCHdLiFiBf+SI7DbhW7et4=
